
Microsoft Visual Studio Solution File, Format Version 12.00
# Visual Studio Version 17
VisualStudioVersion = 17.9.34616.47
MinimumVisualStudioVersion = 10.0.40219.1
Project("{FAE04EC0-301F-11D3-BF4B-00C04F79EFBC}") = "NVD_lession02", "NVD_lession02\NVD_lession02.csproj", "{C2E964AC-E446-4E44-8F76-CF0FFA272CE8}"
EndProject
Global
	GlobalSection(SolutionConfigurationPlatforms) = preSolution
		Debug|Any CPU = Debug|Any CPU
		Release|Any CPU = Release|Any CPU
	EndGlobalSection
	GlobalSection(ProjectConfigurationPlatforms) = postSolution
		{C2E964AC-E446-4E44-8F76-CF0FFA272CE8}.Debug|Any CPU.ActiveCfg = Debug|Any CPU
		{C2E964AC-E446-4E44-8F76-CF0FFA272CE8}.Debug|Any CPU.Build.0 = Debug|Any CPU
		{C2E964AC-E446-4E44-8F76-CF0FFA272CE8}.Release|Any CPU.ActiveCfg = Release|Any CPU
		{C2E964AC-E446-4E44-8F76-CF0FFA272CE8}.Release|Any CPU.Build.0 = Release|Any CPU
	EndGlobalSection
	GlobalSection(SolutionProperties) = preSolution
		HideSolutionNode = FALSE
	EndGlobalSection
	GlobalSection(ExtensibilityGlobals) = postSolution
		SolutionGuid = {D2455F24-521C-49FF-AE24-497379273192}
	EndGlobalSection
EndGlobal
